
Microsoft Visual Studio Solution File, Format Version 12.00
# Visual Studio Version 16
VisualStudioVersion = 16.0.30523.141
MinimumVisualStudioVersion = 10.0.40219.1
Project("{9A19103F-16F7-4668-BE54-9A1E7A4F7556}") = "TesteDelegate", "TesteDelegate\TesteDelegate.csproj", "{2356EDCE-6E45-4FC5-A2C9-8B6FC7665DBA}"
EndProject
Project("{9A19103F-16F7-4668-BE54-9A1E7A4F7556}") = "EstudoGenerics", "EstudoGenerics\EstudoGenerics.csproj", "{F55FCF63-517E-4E78-AD0F-31CC702F867F}"
EndProject
Project("{2150E333-8FDC-42A3-9474-1A3956D46DE8}") = "Exercicios", "Exercicios", "{A0EEA167-6DBB-4A08-98F1-353FA80CD769}"
EndProject
Project("{2150E333-8FDC-42A3-9474-1A3956D46DE8}") = "Exercicio02", "Exercicio02", "{F9B548A1-DA68-4175-AA2C-41834A6B5FE5}"
EndProject
Project("{FAE04EC0-301F-11D3-BF4B-00C04F79EFBC}") = "ExDelegateGenerico", "DelegateGenerico\ExDelegateGenerico.csproj", "{AAE999E1-A718-4FA0-8B1D-53E3A54664A9}"
EndProject
Project("{FAE04EC0-301F-11D3-BF4B-00C04F79EFBC}") = "ExRepositorioGenerico", "ExRepositorioGenerico\ExRepositorioGenerico.csproj", "{86BF17C2-2F08-43D7-96A2-E3C9FB6DD474}"
EndProject
Global
	GlobalSection(SolutionConfigurationPlatforms) = preSolution
		Debug|Any CPU = Debug|Any CPU
		Release|Any CPU = Release|Any CPU
	EndGlobalSection
	GlobalSection(ProjectConfigurationPlatforms) = postSolution
		{2356EDCE-6E45-4FC5-A2C9-8B6FC7665DBA}.Debug|Any CPU.ActiveCfg = Debug|Any CPU
		{2356EDCE-6E45-4FC5-A2C9-8B6FC7665DBA}.Debug|Any CPU.Build.0 = Debug|Any CPU
		{2356EDCE-6E45-4FC5-A2C9-8B6FC7665DBA}.Release|Any CPU.ActiveCfg = Release|Any CPU
		{2356EDCE-6E45-4FC5-A2C9-8B6FC7665DBA}.Release|Any CPU.Build.0 = Release|Any CPU
		{F55FCF63-517E-4E78-AD0F-31CC702F867F}.Debug|Any CPU.ActiveCfg = Debug|Any CPU
		{F55FCF63-517E-4E78-AD0F-31CC702F867F}.Debug|Any CPU.Build.0 = Debug|Any CPU
		{F55FCF63-517E-4E78-AD0F-31CC702F867F}.Release|Any CPU.ActiveCfg = Release|Any CPU
		{F55FCF63-517E-4E78-AD0F-31CC702F867F}.Release|Any CPU.Build.0 = Release|Any CPU
		{AAE999E1-A718-4FA0-8B1D-53E3A54664A9}.Debug|Any CPU.ActiveCfg = Debug|Any CPU
		{AAE999E1-A718-4FA0-8B1D-53E3A54664A9}.Debug|Any CPU.Build.0 = Debug|Any CPU
		{AAE999E1-A718-4FA0-8B1D-53E3A54664A9}.Release|Any CPU.ActiveCfg = Release|Any CPU
		{AAE999E1-A718-4FA0-8B1D-53E3A54664A9}.Release|Any CPU.Build.0 = Release|Any CPU
		{86BF17C2-2F08-43D7-96A2-E3C9FB6DD474}.Debug|Any CPU.ActiveCfg = Debug|Any CPU
		{86BF17C2-2F08-43D7-96A2-E3C9FB6DD474}.Debug|Any CPU.Build.0 = Debug|Any CPU
		{86BF17C2-2F08-43D7-96A2-E3C9FB6DD474}.Release|Any CPU.ActiveCfg = Release|Any CPU
		{86BF17C2-2F08-43D7-96A2-E3C9FB6DD474}.Release|Any CPU.Build.0 = Release|Any CPU
	EndGlobalSection
	GlobalSection(SolutionProperties) = preSolution
		HideSolutionNode = FALSE
	EndGlobalSection
	GlobalSection(NestedProjects) = preSolution
		{F9B548A1-DA68-4175-AA2C-41834A6B5FE5} = {A0EEA167-6DBB-4A08-98F1-353FA80CD769}
		{AAE999E1-A718-4FA0-8B1D-53E3A54664A9} = {F9B548A1-DA68-4175-AA2C-41834A6B5FE5}
	EndGlobalSection
	GlobalSection(ExtensibilityGlobals) = postSolution
		SolutionGuid = {1F42E546-905B-455B-9E6E-98081D757195}
	EndGlobalSection
EndGlobal
